
Microsoft Visual Studio Solution File, Format Version 12.00
# Visual Studio Version 17
VisualStudioVersion = 17.10.35013.160
MinimumVisualStudioVersion = 10.0.40219.1
Project("{FAE04EC0-301F-11D3-BF4B-00C04F79EFBC}") = "EFCorePerf", "EFCorePerf\EFCorePerf.csproj", "{8B6AF4A1-C8F4-473A-9AC5-50AD66C4A311}"
EndProject
Global
	GlobalSection(SolutionConfigurationPlatforms) = preSolution
		Debug|Any CPU = Debug|Any CPU
		Release|Any CPU = Release|Any CPU
	EndGlobalSection
	GlobalSection(ProjectConfigurationPlatforms) = postSolution
		{8B6AF4A1-C8F4-473A-9AC5-50AD66C4A311}.Debug|Any CPU.ActiveCfg = Debug|Any CPU
		{8B6AF4A1-C8F4-473A-9AC5-50AD66C4A311}.Debug|Any CPU.Build.0 = Debug|Any CPU
		{8B6AF4A1-C8F4-473A-9AC5-50AD66C4A311}.Release|Any CPU.ActiveCfg = Release|Any CPU
		{8B6AF4A1-C8F4-473A-9AC5-50AD66C4A311}.Release|Any CPU.Build.0 = Release|Any CPU
	EndGlobalSection
	GlobalSection(SolutionProperties) = preSolution
		HideSolutionNode = FALSE
	EndGlobalSection
	GlobalSection(ExtensibilityGlobals) = postSolution
		SolutionGuid = {2E22E0EA-C92A-4B9B-B459-10E6BA57BE19}
	EndGlobalSection
EndGlobal
